// !$*UTF8*$!
{
	archiveVersion = 1;
	classes = {
	};
	objectVersion = 46;
	objects = {

/* Begin PBXBuildFile section */
		1F039D531DD703A4008B63D6 /* ItsLit.aiff in Resources */ = {isa = PBXBuildFile; fileRef = 1F039D521DD703A4008B63D6 /* ItsLit.aiff */; };
		1F039D551DD704A5008B63D6 /* We Lit.mp3 in Resources */ = {isa = PBXBuildFile; fileRef = 1F039D541DD704A5008B63D6 /* We Lit.mp3 */; };
		1F039D571DD70938008B63D6 /* imageHandle.swift in Sources */ = {isa = PBXBuildFile; fileRef = 1F039D561DD70938008B63D6 /* imageHandle.swift */; };
		1F039D591DD71E16008B63D6 /* FriendsTableViewController.swift in Sources */ = {isa = PBXBuildFile; fileRef = 1F039D581DD71E16008B63D6 /* FriendsTableViewController.swift */; };
		1F039D5B1DD7203F008B63D6 /* UserCell.swift in Sources */ = {isa = PBXBuildFile; fileRef = 1F039D5A1DD7203F008B63D6 /* UserCell.swift */; };
		1F039D601DD72177008B63D6 /* Message.swift in Sources */ = {isa = PBXBuildFile; fileRef = 1F039D5F1DD72177008B63D6 /* Message.swift */; };
		1F039D661DDC029D008B63D6 /* ChatLogController.swift in Sources */ = {isa = PBXBuildFile; fileRef = 1F039D651DDC029D008B63D6 /* ChatLogController.swift */; };
		1F071CA21D5E91F100CD2303 /* LaunchScreen 1.58.12 PM.storyboard in Resources */ = {isa = PBXBuildFile; fileRef = 1F071CA11D5E91F100CD2303 /* LaunchScreen 1.58.12 PM.storyboard */; };
		1F071CA61D5EB70A00CD2303 /* Extensions.swift in Sources */ = {isa = PBXBuildFile; fileRef = 1F071CA51D5EB70A00CD2303 /* Extensions.swift */; };
		1F18A2C21DDF98CF0095ED97 /* ChatMessageCell.swift in Sources */ = {isa = PBXBuildFile; fileRef = 1F18A2C11DDF98CF0095ED97 /* ChatMessageCell.swift */; };
		1F18A2C41DDF991C0095ED97 /* ChatInputContainerView.swift in Sources */ = {isa = PBXBuildFile; fileRef = 1F18A2C31DDF991C0095ED97 /* ChatInputContainerView.swift */; };
		1F18A2C61DDF9C260095ED97 /* MessagingExtensions.swift in Sources */ = {isa = PBXBuildFile; fileRef = 1F18A2C51DDF9C260095ED97 /* MessagingExtensions.swift */; };
		1F1DAA3B1DD687C700655B74 /* User.swift in Sources */ = {isa = PBXBuildFile; fileRef = 1F1DAA3A1DD687C700655B74 /* User.swift */; };
		1F828FB41DE7D38500D0C3EB /* Lit.swift in Sources */ = {isa = PBXBuildFile; fileRef = 1F828FB31DE7D38500D0C3EB /* Lit.swift */; };
		1F90C4381DD511380088B32E /* GoogleService-Info.plist in Resources */ = {isa = PBXBuildFile; fileRef = 1F90C4371DD511380088B32E /* GoogleService-Info.plist */; };
		1F90C43B1DD67FA20088B32E /* loginAndCreateAccount.swift in Sources */ = {isa = PBXBuildFile; fileRef = 1F90C43A1DD67FA20088B32E /* loginAndCreateAccount.swift */; };
		1F90C43D1DD6863A0088B32E /* LoginController+handlers.swift in Sources */ = {isa = PBXBuildFile; fileRef = 1F90C43C1DD6863A0088B32E /* LoginController+handlers.swift */; };
		1FE1B9F51D59A724003545ED /* AppDelegate.swift in Sources */ = {isa = PBXBuildFile; fileRef = 1FE1B9F41D59A724003545ED /* AppDelegate.swift */; };
		1FE1B9FA1D59A724003545ED /* Main.storyboard in Resources */ = {isa = PBXBuildFile; fileRef = 1FE1B9F81D59A724003545ED /* Main.storyboard */; };
		1FE1B9FC1D59A724003545ED /* Assets.xcassets in Resources */ = {isa = PBXBuildFile; fileRef = 1FE1B9FB1D59A724003545ED /* Assets.xcassets */; };
		1FE1BA0B1D59BB67003545ED /* Images.xcassets in Resources */ = {isa = PBXBuildFile; fileRef = 1FE1BA0A1D59BB67003545ED /* Images.xcassets */; };
		1FF7AE0D1DE5583700FAD488 /* ViewController.swift in Sources */ = {isa = PBXBuildFile; fileRef = 1FF7AE0C1DE5583700FAD488 /* ViewController.swift */; };
		B5B91B11DBED834F4821E878 /* Pods_Its_Lit.framework in Frameworks */ = {isa = PBXBuildFile; fileRef = 2D1CCC90587EA32F0F342E3A /* Pods_Its_Lit.framework */; };
/* End PBXBuildFile section */

/* Begin PBXFileReference section */
		1F039D521DD703A4008B63D6 /* ItsLit.aiff */ = {isa = PBXFileReference; lastKnownFileType = audio.aiff; path = ItsLit.aiff; sourceTree = "<group>"; };
		1F039D541DD704A5008B63D6 /* We Lit.mp3 */ = {isa = PBXFileReference; lastKnownFileType = audio.mp3; path = "We Lit.mp3"; sourceTree = "<group>"; };
		1F039D561DD70938008B63D6 /* imageHandle.swift */ = {isa = PBXFileReference; fileEncoding = 4; lastKnownFileType = sourcecode.swift; path = imageHandle.swift; sourceTree = "<group>"; };
		1F039D581DD71E16008B63D6 /* FriendsTableViewController.swift */ = {isa = PBXFileReference; fileEncoding = 4; lastKnownFileType = sourcecode.swift; path = FriendsTableViewController.swift; sourceTree = "<group>"; };
		1F039D5A1DD7203F008B63D6 /* UserCell.swift */ = {isa = PBXFileReference; fileEncoding = 4; lastKnownFileType = sourcecode.swift; path = UserCell.swift; sourceTree = "<group>"; };
		1F039D5F1DD72177008B63D6 /* Message.swift */ = {isa = PBXFileReference; fileEncoding = 4; lastKnownFileType = sourcecode.swift; path = Message.swift; sourceTree = "<group>"; };
		1F039D651DDC029D008B63D6 /* ChatLogController.swift */ = {isa = PBXFileReference; fileEncoding = 4; lastKnownFileType = sourcecode.swift; path = ChatLogController.swift; sourceTree = "<group>"; };
		1F071CA11D5E91F100CD2303 /* LaunchScreen 1.58.12 PM.storyboard */ = {isa = PBXFileReference; fileEncoding = 4; lastKnownFileType = file.storyboard; path = "LaunchScreen 1.58.12 PM.storyboard"; sourceTree = "<group>"; };
		1F071CA51D5EB70A00CD2303 /* Extensions.swift */ = {isa = PBXFileReference; fileEncoding = 4; lastKnownFileType = sourcecode.swift; path = Extensions.swift; sourceTree = "<group>"; };
		1F18A2C11DDF98CF0095ED97 /* ChatMessageCell.swift */ = {isa = PBXFileReference; fileEncoding = 4; lastKnownFileType = sourcecode.swift; path = ChatMessageCell.swift; sourceTree = "<group>"; };
		1F18A2C31DDF991C0095ED97 /* ChatInputContainerView.swift */ = {isa = PBXFileReference; fileEncoding = 4; lastKnownFileType = sourcecode.swift; path = ChatInputContainerView.swift; sourceTree = "<group>"; };
		1F18A2C51DDF9C260095ED97 /* MessagingExtensions.swift */ = {isa = PBXFileReference; fileEncoding = 4; lastKnownFileType = sourcecode.swift; path = MessagingExtensions.swift; sourceTree = "<group>"; };
		1F1DAA3A1DD687C700655B74 /* User.swift */ = {isa = PBXFileReference; fileEncoding = 4; lastKnownFileType = sourcecode.swift; path = User.swift; sourceTree = "<group>"; };
		1F828FB31DE7D38500D0C3EB /* Lit.swift */ = {isa = PBXFileReference; fileEncoding = 4; lastKnownFileType = sourcecode.swift; path = Lit.swift; sourceTree = "<group>"; };
		1F90C4331DD4FAC00088B32E /* iAd.framework */ = {isa = PBXFileReference; lastKnownFileType = wrapper.framework; name = iAd.framework; path = System/Library/Frameworks/iAd.framework; sourceTree = SDKROOT; };
		1F90C4371DD511380088B32E /* GoogleService-Info.plist */ = {isa = PBXFileReference; fileEncoding = 4; lastKnownFileType = text.plist.xml; path = "GoogleService-Info.plist"; sourceTree = "<group>"; };
		1F90C4391DD5228C0088B32E /* Its Lit.entitlements */ = {isa = PBXFileReference; lastKnownFileType = text.plist.entitlements; path = "Its Lit.entitlements"; sourceTree = "<group>"; };
		1F90C43A1DD67FA20088B32E /* loginAndCreateAccount.swift */ = {isa = PBXFileReference; fileEncoding = 4; lastKnownFileType = sourcecode.swift; path = loginAndCreateAccount.swift; sourceTree = "<group>"; };
		1F90C43C1DD6863A0088B32E /* LoginController+handlers.swift */ = {isa = PBXFileReference; fileEncoding = 4; lastKnownFileType = sourcecode.swift; path = "LoginController+handlers.swift"; sourceTree = "<group>"; };
		1FE1B9F11D59A724003545ED /* It's Lit.app */ = {isa = PBXFileReference; explicitFileType = wrapper.application; includeInIndex = 0; path = "It's Lit.app"; sourceTree = BUILT_PRODUCTS_DIR; };
		1FE1B9F41D59A724003545ED /* AppDelegate.swift */ = {isa = PBXFileReference; lastKnownFileType = sourcecode.swift; path = AppDelegate.swift; sourceTree = "<group>"; };
		1FE1B9F91D59A724003545ED /* Base */ = {isa = PBXFileReference; lastKnownFileType = file.storyboard; name = Base; path = Base.lproj/Main.storyboard; sourceTree = "<group>"; };
		1FE1B9FB1D59A724003545ED /* Assets.xcassets */ = {isa = PBXFileReference; lastKnownFileType = folder.assetcatalog; path = Assets.xcassets; sourceTree = "<group>"; };
		1FE1BA001D59A724003545ED /* Info.plist */ = {isa = PBXFileReference; lastKnownFileType = text.plist.xml; path = Info.plist; sourceTree = "<group>"; };
		1FE1BA0A1D59BB67003545ED /* Images.xcassets */ = {isa = PBXFileReference; lastKnownFileType = folder.assetcatalog; path = Images.xcassets; sourceTree = "<group>"; };
		1FF7AE0C1DE5583700FAD488 /* ViewController.swift */ = {isa = PBXFileReference; fileEncoding = 4; lastKnownFileType = sourcecode.swift; path = ViewController.swift; sourceTree = "<group>"; };
		2D1CCC90587EA32F0F342E3A /* Pods_Its_Lit.framework */ = {isa = PBXFileReference; explicitFileType = wrapper.framework; includeInIndex = 0; path = Pods_Its_Lit.framework; sourceTree = BUILT_PRODUCTS_DIR; };
		36765741619ECD86C73FEE06 /* Pods-Its Lit.release.xcconfig */ = {isa = PBXFileReference; includeInIndex = 1; lastKnownFileType = text.xcconfig; name = "Pods-Its Lit.release.xcconfig"; path = "Pods/Target Support Files/Pods-Its Lit/Pods-Its Lit.release.xcconfig"; sourceTree = "<group>"; };
		571F8332AE04D23B6E8D3193 /* Pods-Its Lit.debug.xcconfig */ = {isa = PBXFileReference; includeInIndex = 1; lastKnownFileType = text.xcconfig; name = "Pods-Its Lit.debug.xcconfig"; path = "Pods/Target Support Files/Pods-Its Lit/Pods-Its Lit.debug.xcconfig"; sourceTree = "<group>"; };
/* End PBXFileReference section */

/* Begin PBXFrameworksBuildPhase section */
		1FE1B9EE1D59A724003545ED /* Frameworks */ = {
			isa = PBXFrameworksBuildPhase;
			buildActionMask = 2147483647;
			files = (
				B5B91B11DBED834F4821E878 /* Pods_Its_Lit.framework in Frameworks */,
			);
			runOnlyForDeploymentPostprocessing = 0;
		};
/* End PBXFrameworksBuildPhase section */

/* Begin PBXGroup section */
		1F039D5C1DD72044008B63D6 /* Views */ = {
			isa = PBXGroup;
			children = (
				1F90C43C1DD6863A0088B32E /* LoginController+handlers.swift */,
				1F90C43A1DD67FA20088B32E /* loginAndCreateAccount.swift */,
				1F039D581DD71E16008B63D6 /* FriendsTableViewController.swift */,
				1F039D651DDC029D008B63D6 /* ChatLogController.swift */,
				1FF7AE0C1DE5583700FAD488 /* ViewController.swift */,
			);
			name = Views;
			sourceTree = "<group>";
		};
		1F039D5D1DD7205C008B63D6 /* Info and Asset */ = {
			isa = PBXGroup;
			children = (
				1FE1BA001D59A724003545ED /* Info.plist */,
				1F90C4371DD511380088B32E /* GoogleService-Info.plist */,
				1F039D541DD704A5008B63D6 /* We Lit.mp3 */,
				1F039D521DD703A4008B63D6 /* ItsLit.aiff */,
				1F071CA11D5E91F100CD2303 /* LaunchScreen 1.58.12 PM.storyboard */,
				1FE1BA0A1D59BB67003545ED /* Images.xcassets */,
				1FE1B9FB1D59A724003545ED /* Assets.xcassets */,
				1F90C4391DD5228C0088B32E /* Its Lit.entitlements */,
			);
			name = "Info and Asset";
			sourceTree = "<group>";
		};
		1F039D5E1DD72089008B63D6 /* Ext and Helpers */ = {
			isa = PBXGroup;
			children = (
				1F18A2C31DDF991C0095ED97 /* ChatInputContainerView.swift */,
				1F18A2C11DDF98CF0095ED97 /* ChatMessageCell.swift */,
				1F039D5F1DD72177008B63D6 /* Message.swift */,
				1F1DAA3A1DD687C700655B74 /* User.swift */,
				1F039D5A1DD7203F008B63D6 /* UserCell.swift */,
				1F039D561DD70938008B63D6 /* imageHandle.swift */,
				1F18A2C51DDF9C260095ED97 /* MessagingExtensions.swift */,
				1F071CA51D5EB70A00CD2303 /* Extensions.swift */,
				1F828FB31DE7D38500D0C3EB /* Lit.swift */,
			);
			name = "Ext and Helpers";
			sourceTree = "<group>";
		};
		1F90C4321DD4FABF0088B32E /* Frameworks */ = {
			isa = PBXGroup;
			children = (
				1F90C4331DD4FAC00088B32E /* iAd.framework */,
				2D1CCC90587EA32F0F342E3A /* Pods_Its_Lit.framework */,
			);
			name = Frameworks;
			sourceTree = "<group>";
		};
		1FE1B9E81D59A724003545ED = {
			isa = PBXGroup;
			children = (
				1FE1B9F31D59A724003545ED /* Its Lit */,
				1FE1B9F21D59A724003545ED /* Products */,
				1F90C4321DD4FABF0088B32E /* Frameworks */,
				FF319065C53845CB0C12FF13 /* Pods */,
			);
			sourceTree = "<group>";
		};
		1FE1B9F21D59A724003545ED /* Products */ = {
			isa = PBXGroup;
			children = (
				1FE1B9F11D59A724003545ED /* It's Lit.app */,
			);
			name = Products;
			sourceTree = "<group>";
		};
		1FE1B9F31D59A724003545ED /* Its Lit */ = {
			isa = PBXGroup;
			children = (
				1F039D5E1DD72089008B63D6 /* Ext and Helpers */,
				1F039D5C1DD72044008B63D6 /* Views */,
				1FE1B9F41D59A724003545ED /* AppDelegate.swift */,
				1FE1B9F81D59A724003545ED /* Main.storyboard */,
				1F039D5D1DD7205C008B63D6 /* Info and Asset */,
			);
			path = "Its Lit";
			sourceTree = "<group>";
		};
		FF319065C53845CB0C12FF13 /* Pods */ = {
			isa = PBXGroup;
			children = (
				571F8332AE04D23B6E8D3193 /* Pods-Its Lit.debug.xcconfig */,
				36765741619ECD86C73FEE06 /* Pods-Its Lit.release.xcconfig */,
			);
			name = Pods;
			sourceTree = "<group>";
		};
/* End PBXGroup section */

/* Begin PBXNativeTarget section */
		1FE1B9F01D59A724003545ED /* Its Lit */ = {
			isa = PBXNativeTarget;
			buildConfigurationList = 1FE1BA031D59A724003545ED /* Build configuration list for PBXNativeTarget "Its Lit" */;
			buildPhases = (
				E996294B4E39E96A9B1D5791 /* [CP] Check Pods Manifest.lock */,
				1FE1B9ED1D59A724003545ED /* Sources */,
				1FE1B9EE1D59A724003545ED /* Frameworks */,
				1FE1B9EF1D59A724003545ED /* Resources */,
				5B57AD5F5DE418F6744ABA8A /* [CP] Embed Pods Frameworks */,
				C23FBFB8942F63A0BAAE8D14 /* [CP] Copy Pods Resources */,
			);
			buildRules = (
			);
			dependencies = (
			);
			name = "Its Lit";
			productName = "Its Lit";
			productReference = 1FE1B9F11D59A724003545ED /* It's Lit.app */;
			productType = "com.apple.product-type.application";
		};
/* End PBXNativeTarget section */

/* Begin PBXProject section */
		1FE1B9E91D59A724003545ED /* Project object */ = {
			isa = PBXProject;
			attributes = {
				LastSwiftUpdateCheck = 0730;
				LastUpgradeCheck = 0800;
				ORGANIZATIONNAME = "Gaming Recess";
				TargetAttributes = {
					1FE1B9F01D59A724003545ED = {
						CreatedOnToolsVersion = 7.3.1;
						DevelopmentTeam = 485WZNYRT6;
						LastSwiftMigration = 0800;
						ProvisioningStyle = Automatic;
						SystemCapabilities = {
							com.apple.BackgroundModes = {
								enabled = 1;
							};
							com.apple.Keychain = {
								enabled = 1;
							};
							com.apple.Push = {
								enabled = 1;
							};
						};
					};
				};
			};
			buildConfigurationList = 1FE1B9EC1D59A724003545ED /* Build configuration list for PBXProject "Its Lit" */;
			compatibilityVersion = "Xcode 3.2";
			developmentRegion = English;
			hasScannedForEncodings = 0;
			knownRegions = (
				en,
				Base,
			);
			mainGroup = 1FE1B9E81D59A724003545ED;
			productRefGroup = 1FE1B9F21D59A724003545ED /* Products */;
			projectDirPath = "";
			projectRoot = "";
			targets = (
				1FE1B9F01D59A724003545ED /* Its Lit */,
			);
		};
/* End PBXProject section */

/* Begin PBXResourcesBuildPhase section */
		1FE1B9EF1D59A724003545ED /* Resources */ = {
			isa = PBXResourcesBuildPhase;
			buildActionMask = 2147483647;
			files = (
				1F039D551DD704A5008B63D6 /* We Lit.mp3 in Resources */,
				1FE1BA0B1D59BB67003545ED /* Images.xcassets in Resources */,
				1FE1B9FC1D59A724003545ED /* Assets.xcassets in Resources */,
				1F90C4381DD511380088B32E /* GoogleService-Info.plist in Resources */,
				1F071CA21D5E91F100CD2303 /* LaunchScreen 1.58.12 PM.storyboard in Resources */,
				1F039D531DD703A4008B63D6 /* ItsLit.aiff in Resources */,
				1FE1B9FA1D59A724003545ED /* Main.storyboard in Resources */,
			);
			runOnlyForDeploymentPostprocessing = 0;
		};
/* End PBXResourcesBuildPhase section */

/* Begin PBXShellScriptBuildPhase section */
		5B57AD5F5DE418F6744ABA8A /* [CP] Embed Pods Frameworks */ = {
			isa = PBXShellScriptBuildPhase;
			buildActionMask = 2147483647;
			files = (
			);
			inputPaths = (
			);
			name = "[CP] Embed Pods Frameworks";
			outputPaths = (
			);
			runOnlyForDeploymentPostprocessing = 0;
			shellPath = /bin/sh;
			shellScript = "\"${SRCROOT}/Pods/Target Support Files/Pods-Its Lit/Pods-Its Lit-frameworks.sh\"\n";
			showEnvVarsInLog = 0;
		};
		C23FBFB8942F63A0BAAE8D14 /* [CP] Copy Pods Resources */ = {
			isa = PBXShellScriptBuildPhase;
			buildActionMask = 2147483647;
			files = (
			);
			inputPaths = (
			);
			name = "[CP] Copy Pods Resources";
			outputPaths = (
			);
			runOnlyForDeploymentPostprocessing = 0;
			shellPath = /bin/sh;
			shellScript = "\"${SRCROOT}/Pods/Target Support Files/Pods-Its Lit/Pods-Its Lit-resources.sh\"\n";
			showEnvVarsInLog = 0;
		};
		E996294B4E39E96A9B1D5791 /* [CP] Check Pods Manifest.lock */ = {
			isa = PBXShellScriptBuildPhase;
			buildActionMask = 2147483647;
			files = (
			);
			inputPaths = (
			);
			name = "[CP] Check Pods Manifest.lock";
			outputPaths = (
			);
			runOnlyForDeploymentPostprocessing = 0;
			shellPath = /bin/sh;
			shellScript = "diff \"${PODS_ROOT}/../Podfile.lock\" \"${PODS_ROOT}/Manifest.lock\" > /dev/null\nif [[ $? != 0 ]] ; then\n    cat << EOM\nerror: The sandbox is not in sync with the Podfile.lock. Run 'pod install' or update your CocoaPods installation.\nEOM\n    exit 1\nfi\n";
			showEnvVarsInLog = 0;
		};
/* End PBXShellScriptBuildPhase section */

/* Begin PBXSourcesBuildPhase section */
		1FE1B9ED1D59A724003545ED /* Sources */ = {
			isa = PBXSourcesBuildPhase;
			buildActionMask = 2147483647;
			files = (
				1F90C43B1DD67FA20088B32E /* loginAndCreateAccount.swift in Sources */,
				1F039D591DD71E16008B63D6 /* FriendsTableViewController.swift in Sources */,
				1F039D571DD70938008B63D6 /* imageHandle.swift in Sources */,
				1F828FB41DE7D38500D0C3EB /* Lit.swift in Sources */,
				1F1DAA3B1DD687C700655B74 /* User.swift in Sources */,
				1FF7AE0D1DE5583700FAD488 /* ViewController.swift in Sources */,
				1F039D5B1DD7203F008B63D6 /* UserCell.swift in Sources */,
				1F039D661DDC029D008B63D6 /* ChatLogController.swift in Sources */,
				1FE1B9F51D59A724003545ED /* AppDelegate.swift in Sources */,
				1F039D601DD72177008B63D6 /* Message.swift in Sources */,
				1F18A2C21DDF98CF0095ED97 /* ChatMessageCell.swift in Sources */,
				1F18A2C61DDF9C260095ED97 /* MessagingExtensions.swift in Sources */,
				1F18A2C41DDF991C0095ED97 /* ChatInputContainerView.swift in Sources */,
				1F071CA61D5EB70A00CD2303 /* Extensions.swift in Sources */,
				1F90C43D1DD6863A0088B32E /* LoginController+handlers.swift in Sources */,
			);
			runOnlyForDeploymentPostprocessing = 0;
		};
/* End PBXSourcesBuildPhase section */

/* Begin PBXVariantGroup section */
		1FE1B9F81D59A724003545ED /* Main.storyboard */ = {
			isa = PBXVariantGroup;
			children = (
				1FE1B9F91D59A724003545ED /* Base */,
			);
			name = Main.storyboard;
			sourceTree = "<group>";
		};
/* End PBXVariantGroup section */

/* Begin XCBuildConfiguration section */
		1FE1BA011D59A724003545ED /* Debug */ = {
			isa = XCBuildConfiguration;
			buildSettings = {
				ALWAYS_SEARCH_USER_PATHS = NO;
				CLANG_ANALYZER_NONNULL = YES;
				CLANG_CXX_LANGUAGE_STANDARD = "gnu++0x";
				CLANG_CXX_LIBRARY = "libc++";
				CLANG_ENABLE_MODULES = YES;
				CLANG_ENABLE_OBJC_ARC = YES;
				CLANG_WARN_BOOL_CONVERSION = YES;
				CLANG_WARN_CONSTANT_CONVERSION = YES;
				CLANG_WARN_DIRECT_OBJC_ISA_USAGE = YES_ERROR;
				CLANG_WARN_EMPTY_BODY = YES;
				CLANG_WARN_ENUM_CONVERSION = YES;
				CLANG_WARN_INFINITE_RECURSION = YES;
				CLANG_WARN_INT_CONVERSION = YES;
				CLANG_WARN_OBJC_ROOT_CLASS = YES_ERROR;
				CLANG_WARN_SUSPICIOUS_MOVE = YES;
				CLANG_WARN_UNREACHABLE_CODE = YES;
				CLANG_WARN__DUPLICATE_METHOD_MATCH = YES;
				"CODE_SIGN_IDENTITY[sdk=iphoneos*]" = "iPhone Developer";
				COPY_PHASE_STRIP = NO;
				DEBUG_INFORMATION_FORMAT = dwarf;
				ENABLE_STRICT_OBJC_MSGSEND = YES;
				ENABLE_TESTABILITY = YES;
				GCC_C_LANGUAGE_STANDARD = gnu99;
				GCC_DYNAMIC_NO_PIC = NO;
				GCC_NO_COMMON_BLOCKS = YES;
				GCC_OPTIMIZATION_LEVEL = 0;
				GCC_PREPROCESSOR_DEFINITIONS = (
					"DEBUG=1",
					"$(inherited)",
				);
				GCC_WARN_64_TO_32_BIT_CONVERSION = YES;
				GCC_WARN_ABOUT_RETURN_TYPE = YES_ERROR;
				GCC_WARN_UNDECLARED_SELECTOR = YES;
				GCC_WARN_UNINITIALIZED_AUTOS = YES_AGGRESSIVE;
				GCC_WARN_UNUSED_FUNCTION = YES;
				GCC_WARN_UNUSED_VARIABLE = YES;
				IPHONEOS_DEPLOYMENT_TARGET = 9.3;
				MTL_ENABLE_DEBUG_INFO = YES;
				ONLY_ACTIVE_ARCH = YES;
				SDKROOT = iphoneos;
				SWIFT_OPTIMIZATION_LEVEL = "-Onone";
			};
			name = Debug;
		};
		1FE1BA021D59A724003545ED /* Release */ = {
			isa = XCBuildConfiguration;
			buildSettings = {
				ALWAYS_SEARCH_USER_PATHS = NO;
				CLANG_ANALYZER_NONNULL = YES;
				CLANG_CXX_LANGUAGE_STANDARD = "gnu++0x";
				CLANG_CXX_LIBRARY = "libc++";
				CLANG_ENABLE_MODULES = YES;
				CLANG_ENABLE_OBJC_ARC = YES;
				CLANG_WARN_BOOL_CONVERSION = YES;
				CLANG_WARN_CONSTANT_CONVERSION = YES;
				CLANG_WARN_DIRECT_OBJC_ISA_USAGE = YES_ERROR;
				CLANG_WARN_EMPTY_BODY = YES;
				CLANG_WARN_ENUM_CONVERSION = YES;
				CLANG_WARN_INFINITE_RECURSION = YES;
				CLANG_WARN_INT_CONVERSION = YES;
				CLANG_WARN_OBJC_ROOT_CLASS = YES_ERROR;
				CLANG_WARN_SUSPICIOUS_MOVE = YES;
				CLANG_WARN_UNREACHABLE_CODE = YES;
				CLANG_WARN__DUPLICATE_METHOD_MATCH = YES;
				"CODE_SIGN_IDENTITY[sdk=iphoneos*]" = "iPhone Developer";
				COPY_PHASE_STRIP = NO;
				DEBUG_INFORMATION_FORMAT = "dwarf-with-dsym";
				ENABLE_NS_ASSERTIONS = NO;
				ENABLE_STRICT_OBJC_MSGSEND = YES;
				GCC_C_LANGUAGE_STANDARD = gnu99;
				GCC_NO_COMMON_BLOCKS = YES;
				GCC_WARN_64_TO_32_BIT_CONVERSION = YES;
				GCC_WARN_ABOUT_RETURN_TYPE = YES_ERROR;
				GCC_WARN_UNDECLARED_SELECTOR = YES;
				GCC_WARN_UNINITIALIZED_AUTOS = YES_AGGRESSIVE;
				GCC_WARN_UNUSED_FUNCTION = YES;
				GCC_WARN_UNUSED_VARIABLE = YES;
				IPHONEOS_DEPLOYMENT_TARGET = 9.3;
				MTL_ENABLE_DEBUG_INFO = NO;
				SDKROOT = iphoneos;
				SWIFT_OPTIMIZATION_LEVEL = "-Owholemodule";
				VALIDATE_PRODUCT = YES;
			};
			name = Release;
		};
		1FE1BA041D59A724003545ED /* Debug */ = {
			isa = XCBuildConfiguration;
			baseConfigurationReference = 571F8332AE04D23B6E8D3193 /* Pods-Its Lit.debug.xcconfig */;
			buildSettings = {
				ASSETCATALOG_COMPILER_APPICON_NAME = AppIcon;
				ASSETCATALOG_COMPILER_LAUNCHIMAGE_NAME = "";
				CODE_SIGN_ENTITLEMENTS = "Its Lit/Its Lit.entitlements";
				CODE_SIGN_IDENTITY = "iPhone Developer";
				"CODE_SIGN_IDENTITY[sdk=iphoneos*]" = "iPhone Developer";
				DEVELOPMENT_TEAM = 485WZNYRT6;
				ENABLE_BITCODE = NO;
				INFOPLIST_FILE = "Its Lit/Info.plist";
				LD_RUNPATH_SEARCH_PATHS = "$(inherited) @executable_path/Frameworks";
				PRODUCT_BUNDLE_IDENTIFIER = "com.TurnApp.Its-Lit";
				PRODUCT_NAME = "It's Lit";
				PROVISIONING_PROFILE = "";
				SWIFT_VERSION = 3.0;
			};
			name = Debug;
		};
		1FE1BA051D59A724003545ED /* Release */ = {
			isa = XCBuildConfiguration;
			baseConfigurationReference = 36765741619ECD86C73FEE06 /* Pods-Its Lit.release.xcconfig */;
			buildSettings = {
				ASSETCATALOG_COMPILER_APPICON_NAME = AppIcon;
				ASSETCATALOG_COMPILER_LAUNCHIMAGE_NAME = "";
				CODE_SIGN_ENTITLEMENTS = "Its Lit/Its Lit.entitlements";
				CODE_SIGN_IDENTITY = "iPhone Developer";
				"CODE_SIGN_IDENTITY[sdk=iphoneos*]" = "iPhone Developer";
				DEVELOPMENT_TEAM = 485WZNYRT6;
				ENABLE_BITCODE = NO;
				INFOPLIST_FILE = "Its Lit/Info.plist";
				LD_RUNPATH_SEARCH_PATHS = "$(inherited) @executable_path/Frameworks";
				PRODUCT_BUNDLE_IDENTIFIER = "com.TurnApp.Its-Lit";
				PRODUCT_NAME = "It's Lit";
				PROVISIONING_PROFILE = "";
				SWIFT_VERSION = 3.0;
			};
			name = Release;
		};
/* End XCBuildConfiguration section */

/* Begin XCConfigurationList section */
		1FE1B9EC1D59A724003545ED /* Build configuration list for PBXProject "Its Lit" */ = {
			isa = XCConfigurationList;
			buildConfigurations = (
				1FE1BA011D59A724003545ED /* Debug */,
				1FE1BA021D59A724003545ED /* Release */,
			);
			defaultConfigurationIsVisible = 0;
			defaultConfigurationName = Release;
		};
		1FE1BA031D59A724003545ED /* Build configuration list for PBXNativeTarget "Its Lit" */ = {
			isa = XCConfigurationList;
			buildConfigurations = (
				1FE1BA041D59A724003545ED /* Debug */,
				1FE1BA051D59A724003545ED /* Release */,
			);
			defaultConfigurationIsVisible = 0;
			defaultConfigurationName = Release;
		};
/* End XCConfigurationList section */
	};
	rootObject = 1FE1B9E91D59A724003545ED /* Project object */;
}
